
Microsoft Visual Studio Solution File, Format Version 12.00
# Visual Studio 2012
Project("{FAE04EC0-301F-11D3-BF4B-00C04F79EFBC}") = "SharpDoc", "src\SharpDoc\SharpDoc.csproj", "{87848A62-C3E8-44CF-9D36-B8B7AD677B01}"
EndProject
Project("{FAE04EC0-301F-11D3-BF4B-00C04F79EFBC}") = "SharpDocPak", "src\SharpDocPak\SharpDocPak.csproj", "{8247C384-795D-432B-A7A1-FB3632E2A5F3}"
EndProject
Global
	GlobalSection(SolutionConfigurationPlatforms) = preSolution
		Debug|Any CPU = Debug|Any CPU
		Release|Any CPU = Release|Any CPU
	EndGlobalSection
	GlobalSection(ProjectConfigurationPlatforms) = postSolution
		{87848A62-C3E8-44CF-9D36-B8B7AD677B01}.Debug|Any CPU.ActiveCfg = Debug|Any CPU
		{87848A62-C3E8-44CF-9D36-B8B7AD677B01}.Debug|Any CPU.Build.0 = Debug|Any CPU
		{87848A62-C3E8-44CF-9D36-B8B7AD677B01}.Release|Any CPU.ActiveCfg = Release|Any CPU
		{87848A62-C3E8-44CF-9D36-B8B7AD677B01}.Release|Any CPU.Build.0 = Release|Any CPU
		{8247C384-795D-432B-A7A1-FB3632E2A5F3}.Debug|Any CPU.ActiveCfg = Debug|Any CPU
		{8247C384-795D-432B-A7A1-FB3632E2A5F3}.Debug|Any CPU.Build.0 = Debug|Any CPU
		{8247C384-795D-432B-A7A1-FB3632E2A5F3}.Release|Any CPU.ActiveCfg = Release|Any CPU
		{8247C384-795D-432B-A7A1-FB3632E2A5F3}.Release|Any CPU.Build.0 = Release|Any CPU
	EndGlobalSection
	GlobalSection(SolutionProperties) = preSolution
		HideSolutionNode = FALSE
	EndGlobalSection
EndGlobal
